// !$*UTF8*$!
{
	archiveVersion = 1;
	classes = {
	};
	objectVersion = 51;
	objects = {

/* Begin PBXBuildFile section */
		4D20F0C224252A8C00CE0EE2 /* ShowAlertExtension.swift in Sources */ = {isa = PBXBuildFile; fileRef = 4D20F0C124252A8C00CE0EE2 /* ShowAlertExtension.swift */; };
		4D20F0C42425348B00CE0EE2 /* TabBarController.swift in Sources */ = {isa = PBXBuildFile; fileRef = 4D20F0C32425348B00CE0EE2 /* TabBarController.swift */; };
		4D20F0C6242535AC00CE0EE2 /* MainViewStoryBoard.storyboard in Resources */ = {isa = PBXBuildFile; fileRef = 4D20F0C5242535AC00CE0EE2 /* MainViewStoryBoard.storyboard */; };
		4D20F0C8242538EB00CE0EE2 /* NavigationExtension.swift in Sources */ = {isa = PBXBuildFile; fileRef = 4D20F0C7242538EB00CE0EE2 /* NavigationExtension.swift */; };
		4D20F0CA242568EC00CE0EE2 /* MainViewController.swift in Sources */ = {isa = PBXBuildFile; fileRef = 4D20F0C9242568EC00CE0EE2 /* MainViewController.swift */; };
		4D20F0CC2425690500CE0EE2 /* FavoriteArtViewController.swift in Sources */ = {isa = PBXBuildFile; fileRef = 4D20F0CB2425690500CE0EE2 /* FavoriteArtViewController.swift */; };
		4D20F0CE2425692800CE0EE2 /* RijksAPIClient.swift in Sources */ = {isa = PBXBuildFile; fileRef = 4D20F0CD2425692800CE0EE2 /* RijksAPIClient.swift */; };
		4D20F0D224256C6800CE0EE2 /* Secret.swift in Sources */ = {isa = PBXBuildFile; fileRef = 4D20F0D124256C6800CE0EE2 /* Secret.swift */; };
		4D20F0D424257AF700CE0EE2 /* ThingsTableViewCell.swift in Sources */ = {isa = PBXBuildFile; fileRef = 4D20F0D324257AF700CE0EE2 /* ThingsTableViewCell.swift */; };
		4D20F0D62425942E00CE0EE2 /* RijksDetailModel.swift in Sources */ = {isa = PBXBuildFile; fileRef = 4D20F0D52425942E00CE0EE2 /* RijksDetailModel.swift */; };
		4D20F0D82425944700CE0EE2 /* TicketmastetModel.swift in Sources */ = {isa = PBXBuildFile; fileRef = 4D20F0D72425944700CE0EE2 /* TicketmastetModel.swift */; };
		4D20F0DA2425945600CE0EE2 /* TicketmasterDetailModel.swift in Sources */ = {isa = PBXBuildFile; fileRef = 4D20F0D92425945600CE0EE2 /* TicketmasterDetailModel.swift */; };
		4D20F0DC242599A000CE0EE2 /* TicketMasterAPIClient.swift in Sources */ = {isa = PBXBuildFile; fileRef = 4D20F0DB242599A000CE0EE2 /* TicketMasterAPIClient.swift */; };
		4D20F0DE24259E5900CE0EE2 /* DatabaseServices.swift in Sources */ = {isa = PBXBuildFile; fileRef = 4D20F0DD24259E5900CE0EE2 /* DatabaseServices.swift */; };
		4D20F0E0242828F000CE0EE2 /* SettingsViewController.swift in Sources */ = {isa = PBXBuildFile; fileRef = 4D20F0DF242828F000CE0EE2 /* SettingsViewController.swift */; };
		4D20F0E22428292700CE0EE2 /* FavoritesCollectionViewCell.swift in Sources */ = {isa = PBXBuildFile; fileRef = 4D20F0E12428292700CE0EE2 /* FavoritesCollectionViewCell.swift */; };
		4D78074624210BA800A1ED74 /* AppDelegate.swift in Sources */ = {isa = PBXBuildFile; fileRef = 4D78074524210BA800A1ED74 /* AppDelegate.swift */; };
		4D78074824210BA800A1ED74 /* SceneDelegate.swift in Sources */ = {isa = PBXBuildFile; fileRef = 4D78074724210BA800A1ED74 /* SceneDelegate.swift */; };
		4D78074A24210BA800A1ED74 /* LoginViewController.swift in Sources */ = {isa = PBXBuildFile; fileRef = 4D78074924210BA800A1ED74 /* LoginViewController.swift */; };
		4D78074F24210BAF00A1ED74 /* Assets.xcassets in Resources */ = {isa = PBXBuildFile; fileRef = 4D78074E24210BAF00A1ED74 /* Assets.xcassets */; };
		4D78075224210BAF00A1ED74 /* LaunchScreen.storyboard in Resources */ = {isa = PBXBuildFile; fileRef = 4D78075024210BAF00A1ED74 /* LaunchScreen.storyboard */; };
		4D78075D24210BB000A1ED74 /* CTAEventsTests.swift in Sources */ = {isa = PBXBuildFile; fileRef = 4D78075C24210BB000A1ED74 /* CTAEventsTests.swift */; };
		4D7807682421232000A1ED74 /* RijksModel.swift in Sources */ = {isa = PBXBuildFile; fileRef = 4D7807672421232000A1ED74 /* RijksModel.swift */; };
		4D7807A32424238E00A1ED74 /* GoogleService-Info (1).plist in Resources */ = {isa = PBXBuildFile; fileRef = 4D7807A22424238E00A1ED74 /* GoogleService-Info (1).plist */; };
		4D7807A52425066F00A1ED74 /* AuthenticationServices.swift in Sources */ = {isa = PBXBuildFile; fileRef = 4D7807A42425066F00A1ED74 /* AuthenticationServices.swift */; };
		4D7807A724250D6900A1ED74 /* LoginView.swift in Sources */ = {isa = PBXBuildFile; fileRef = 4D7807A624250D6900A1ED74 /* LoginView.swift */; };
		4D7807A924250D9E00A1ED74 /* MulticolorExtension.swift in Sources */ = {isa = PBXBuildFile; fileRef = 4D7807A824250D9E00A1ED74 /* MulticolorExtension.swift */; };
		B3CC895057D1E1C27824FC99 /* Pods_CTAEvents.framework in Frameworks */ = {isa = PBXBuildFile; fileRef = 26A654B9B37DECE38C5879BA /* Pods_CTAEvents.framework */; };
		B88AF3EFF47DF44289AD0551 /* Pods_CTAEventsTests.framework in Frameworks */ = {isa = PBXBuildFile; fileRef = FAA64467A4D05956B3ABE9B3 /* Pods_CTAEventsTests.framework */; };
/* End PBXBuildFile section */

/* Begin PBXContainerItemProxy section */
		4D78075924210BB000A1ED74 /* PBXContainerItemProxy */ = {
			isa = PBXContainerItemProxy;
			containerPortal = 4D78073A24210BA800A1ED74 /* Project object */;
			proxyType = 1;
			remoteGlobalIDString = 4D78074124210BA800A1ED74;
			remoteInfo = CTAEvents;
		};
/* End PBXContainerItemProxy section */

/* Begin PBXFileReference section */
		1E987ACCEDC4959CEE1445EC /* Pods-CTAEvents.debug.xcconfig */ = {isa = PBXFileReference; includeInIndex = 1; lastKnownFileType = text.xcconfig; name = "Pods-CTAEvents.debug.xcconfig"; path = "Target Support Files/Pods-CTAEvents/Pods-CTAEvents.debug.xcconfig"; sourceTree = "<group>"; };
		26A654B9B37DECE38C5879BA /* Pods_CTAEvents.framework */ = {isa = PBXFileReference; explicitFileType = wrapper.framework; includeInIndex = 0; path = Pods_CTAEvents.framework; sourceTree = BUILT_PRODUCTS_DIR; };
		4A0D3A90C7C0843E4638C3A9 /* Pods-CTAEventsTests.debug.xcconfig */ = {isa = PBXFileReference; includeInIndex = 1; lastKnownFileType = text.xcconfig; name = "Pods-CTAEventsTests.debug.xcconfig"; path = "Target Support Files/Pods-CTAEventsTests/Pods-CTAEventsTests.debug.xcconfig"; sourceTree = "<group>"; };
		4D20F0C124252A8C00CE0EE2 /* ShowAlertExtension.swift */ = {isa = PBXFileReference; lastKnownFileType = sourcecode.swift; path = ShowAlertExtension.swift; sourceTree = "<group>"; };
		4D20F0C32425348B00CE0EE2 /* TabBarController.swift */ = {isa = PBXFileReference; lastKnownFileType = sourcecode.swift; path = TabBarController.swift; sourceTree = "<group>"; };
		4D20F0C5242535AC00CE0EE2 /* MainViewStoryBoard.storyboard */ = {isa = PBXFileReference; lastKnownFileType = file.storyboard; path = MainViewStoryBoard.storyboard; sourceTree = "<group>"; };
		4D20F0C7242538EB00CE0EE2 /* NavigationExtension.swift */ = {isa = PBXFileReference; lastKnownFileType = sourcecode.swift; path = NavigationExtension.swift; sourceTree = "<group>"; };
		4D20F0C9242568EC00CE0EE2 /* MainViewController.swift */ = {isa = PBXFileReference; lastKnownFileType = sourcecode.swift; path = MainViewController.swift; sourceTree = "<group>"; };
		4D20F0CB2425690500CE0EE2 /* FavoriteArtViewController.swift */ = {isa = PBXFileReference; lastKnownFileType = sourcecode.swift; path = FavoriteArtViewController.swift; sourceTree = "<group>"; };
		4D20F0CD2425692800CE0EE2 /* RijksAPIClient.swift */ = {isa = PBXFileReference; lastKnownFileType = sourcecode.swift; name = RijksAPIClient.swift; path = CTAEvents/Controllers/RijksAPIClient.swift; sourceTree = SOURCE_ROOT; };
		4D20F0D124256C6800CE0EE2 /* Secret.swift */ = {isa = PBXFileReference; lastKnownFileType = sourcecode.swift; path = Secret.swift; sourceTree = "<group>"; };
		4D20F0D324257AF700CE0EE2 /* ThingsTableViewCell.swift */ = {isa = PBXFileReference; lastKnownFileType = sourcecode.swift; name = ThingsTableViewCell.swift; path = CTAEvents/Storyboards/ThingsTableViewCell.swift; sourceTree = SOURCE_ROOT; };
		4D20F0D52425942E00CE0EE2 /* RijksDetailModel.swift */ = {isa = PBXFileReference; lastKnownFileType = sourcecode.swift; path = RijksDetailModel.swift; sourceTree = "<group>"; };
		4D20F0D72425944700CE0EE2 /* TicketmastetModel.swift */ = {isa = PBXFileReference; lastKnownFileType = sourcecode.swift; path = TicketmastetModel.swift; sourceTree = "<group>"; };
		4D20F0D92425945600CE0EE2 /* TicketmasterDetailModel.swift */ = {isa = PBXFileReference; lastKnownFileType = sourcecode.swift; path = TicketmasterDetailModel.swift; sourceTree = "<group>"; };
		4D20F0DB242599A000CE0EE2 /* TicketMasterAPIClient.swift */ = {isa = PBXFileReference; lastKnownFileType = sourcecode.swift; path = TicketMasterAPIClient.swift; sourceTree = "<group>"; };
		4D20F0DD24259E5900CE0EE2 /* DatabaseServices.swift */ = {isa = PBXFileReference; lastKnownFileType = sourcecode.swift; path = DatabaseServices.swift; sourceTree = "<group>"; };
		4D20F0DF242828F000CE0EE2 /* SettingsViewController.swift */ = {isa = PBXFileReference; lastKnownFileType = sourcecode.swift; name = SettingsViewController.swift; path = CTAEvents/Storyboards/SettingsViewController.swift; sourceTree = SOURCE_ROOT; };
		4D20F0E12428292700CE0EE2 /* FavoritesCollectionViewCell.swift */ = {isa = PBXFileReference; lastKnownFileType = sourcecode.swift; name = FavoritesCollectionViewCell.swift; path = CTAEvents/Controllers/FavoritesCollectionViewCell.swift; sourceTree = SOURCE_ROOT; };
		4D78074224210BA800A1ED74 /* CTAEvents.app */ = {isa = PBXFileReference; explicitFileType = wrapper.application; includeInIndex = 0; path = CTAEvents.app; sourceTree = BUILT_PRODUCTS_DIR; };
		4D78074524210BA800A1ED74 /* AppDelegate.swift */ = {isa = PBXFileReference; lastKnownFileType = sourcecode.swift; path = AppDelegate.swift; sourceTree = "<group>"; };
		4D78074724210BA800A1ED74 /* SceneDelegate.swift */ = {isa = PBXFileReference; lastKnownFileType = sourcecode.swift; path = SceneDelegate.swift; sourceTree = "<group>"; };
		4D78074924210BA800A1ED74 /* LoginViewController.swift */ = {isa = PBXFileReference; lastKnownFileType = sourcecode.swift; path = LoginViewController.swift; sourceTree = "<group>"; };
		4D78074E24210BAF00A1ED74 /* Assets.xcassets */ = {isa = PBXFileReference; lastKnownFileType = folder.assetcatalog; path = Assets.xcassets; sourceTree = "<group>"; };
		4D78075124210BAF00A1ED74 /* Base */ = {isa = PBXFileReference; lastKnownFileType = file.storyboard; name = Base; path = Base.lproj/LaunchScreen.storyboard; sourceTree = "<group>"; };
		4D78075324210BAF00A1ED74 /* Info.plist */ = {isa = PBXFileReference; lastKnownFileType = text.plist.xml; path = Info.plist; sourceTree = "<group>"; };
		4D78075824210BB000A1ED74 /* CTAEventsTests.xctest */ = {isa = PBXFileReference; explicitFileType = wrapper.cfbundle; includeInIndex = 0; path = CTAEventsTests.xctest; sourceTree = BUILT_PRODUCTS_DIR; };
		4D78075C24210BB000A1ED74 /* CTAEventsTests.swift */ = {isa = PBXFileReference; lastKnownFileType = sourcecode.swift; path = CTAEventsTests.swift; sourceTree = "<group>"; };
		4D78075E24210BB000A1ED74 /* Info.plist */ = {isa = PBXFileReference; lastKnownFileType = text.plist.xml; path = Info.plist; sourceTree = "<group>"; };
		4D7807672421232000A1ED74 /* RijksModel.swift */ = {isa = PBXFileReference; lastKnownFileType = sourcecode.swift; path = RijksModel.swift; sourceTree = "<group>"; };
		4D7807A22424238E00A1ED74 /* GoogleService-Info (1).plist */ = {isa = PBXFileReference; fileEncoding = 4; lastKnownFileType = text.plist.xml; path = "GoogleService-Info (1).plist"; sourceTree = "<group>"; };
		4D7807A42425066F00A1ED74 /* AuthenticationServices.swift */ = {isa = PBXFileReference; lastKnownFileType = sourcecode.swift; path = AuthenticationServices.swift; sourceTree = "<group>"; };
		4D7807A624250D6900A1ED74 /* LoginView.swift */ = {isa = PBXFileReference; lastKnownFileType = sourcecode.swift; path = LoginView.swift; sourceTree = "<group>"; };
		4D7807A824250D9E00A1ED74 /* MulticolorExtension.swift */ = {isa = PBXFileReference; lastKnownFileType = sourcecode.swift; path = MulticolorExtension.swift; sourceTree = "<group>"; };
		D8801378D10E5787A6183077 /* Pods-CTAEvents.release.xcconfig */ = {isa = PBXFileReference; includeInIndex = 1; lastKnownFileType = text.xcconfig; name = "Pods-CTAEvents.release.xcconfig"; path = "Target Support Files/Pods-CTAEvents/Pods-CTAEvents.release.xcconfig"; sourceTree = "<group>"; };
		EB9446306E11C2FE072AF854 /* Pods-CTAEventsTests.release.xcconfig */ = {isa = PBXFileReference; includeInIndex = 1; lastKnownFileType = text.xcconfig; name = "Pods-CTAEventsTests.release.xcconfig"; path = "Target Support Files/Pods-CTAEventsTests/Pods-CTAEventsTests.release.xcconfig"; sourceTree = "<group>"; };
		FAA64467A4D05956B3ABE9B3 /* Pods_CTAEventsTests.framework */ = {isa = PBXFileReference; explicitFileType = wrapper.framework; includeInIndex = 0; path = Pods_CTAEventsTests.framework; sourceTree = BUILT_PRODUCTS_DIR; };
/* End PBXFileReference section */

/* Begin PBXFrameworksBuildPhase section */
		4D78073F24210BA800A1ED74 /* Frameworks */ = {
			isa = PBXFrameworksBuildPhase;
			buildActionMask = 2147483647;
			files = (
				B3CC895057D1E1C27824FC99 /* Pods_CTAEvents.framework in Frameworks */,
			);
			runOnlyForDeploymentPostprocessing = 0;
		};
		4D78075524210BB000A1ED74 /* Frameworks */ = {
			isa = PBXFrameworksBuildPhase;
			buildActionMask = 2147483647;
			files = (
				B88AF3EFF47DF44289AD0551 /* Pods_CTAEventsTests.framework in Frameworks */,
			);
			runOnlyForDeploymentPostprocessing = 0;
		};
/* End PBXFrameworksBuildPhase section */

/* Begin PBXGroup section */
		449D04AFDEEEF56502272240 /* Frameworks */ = {
			isa = PBXGroup;
			children = (
				26A654B9B37DECE38C5879BA /* Pods_CTAEvents.framework */,
				FAA64467A4D05956B3ABE9B3 /* Pods_CTAEventsTests.framework */,
			);
			name = Frameworks;
			sourceTree = "<group>";
		};
		4D20F0D024256C4300CE0EE2 /* Secrets */ = {
			isa = PBXGroup;
			children = (
				4D20F0D124256C6800CE0EE2 /* Secret.swift */,
			);
			path = Secrets;
			sourceTree = "<group>";
		};
		4D78073924210BA800A1ED74 = {
			isa = PBXGroup;
			children = (
				4D78074424210BA800A1ED74 /* CTAEvents */,
				4D7807A0242420FE00A1ED74 /* Extensions */,
				4D78079F242420D400A1ED74 /* FirebaseServices */,
				4D78079E24241E6900A1ED74 /* Network */,
				4D78075B24210BB000A1ED74 /* CTAEventsTests */,
				4D78074324210BA800A1ED74 /* Products */,
				FAC204E1224117DB59687D95 /* Pods */,
				449D04AFDEEEF56502272240 /* Frameworks */,
			);
			sourceTree = "<group>";
		};
		4D78074324210BA800A1ED74 /* Products */ = {
			isa = PBXGroup;
			children = (
				4D78074224210BA800A1ED74 /* CTAEvents.app */,
				4D78075824210BB000A1ED74 /* CTAEventsTests.xctest */,
			);
			name = Products;
			sourceTree = "<group>";
		};
		4D78074424210BA800A1ED74 /* CTAEvents */ = {
			isa = PBXGroup;
			children = (
				4D78079D24241DC500A1ED74 /* Models */,
				4D20F0D024256C4300CE0EE2 /* Secrets */,
				4D78079924241DBA00A1ED74 /* Supporting Files */,
				4D7807A12424217A00A1ED74 /* Storyboards */,
				4D78079C24241DC000A1ED74 /* Controllers */,
				4D78079B24241DBE00A1ED74 /* Cells */,
				4D78079A24241DBD00A1ED74 /* Views */,
				4D78075324210BAF00A1ED74 /* Info.plist */,
				4D7807A22424238E00A1ED74 /* GoogleService-Info (1).plist */,
			);
			path = CTAEvents;
			sourceTree = "<group>";
		};
		4D78075B24210BB000A1ED74 /* CTAEventsTests */ = {
			isa = PBXGroup;
			children = (
				4D78075C24210BB000A1ED74 /* CTAEventsTests.swift */,
				4D78075E24210BB000A1ED74 /* Info.plist */,
			);
			path = CTAEventsTests;
			sourceTree = "<group>";
		};
		4D78079924241DBA00A1ED74 /* Supporting Files */ = {
			isa = PBXGroup;
			children = (
				4D78074724210BA800A1ED74 /* SceneDelegate.swift */,
				4D78074524210BA800A1ED74 /* AppDelegate.swift */,
				4D78074E24210BAF00A1ED74 /* Assets.xcassets */,
			);
			path = "Supporting Files";
			sourceTree = "<group>";
		};
		4D78079A24241DBD00A1ED74 /* Views */ = {
			isa = PBXGroup;
			children = (
				4D7807A624250D6900A1ED74 /* LoginView.swift */,
			);
			path = Views;
			sourceTree = "<group>";
		};
		4D78079B24241DBE00A1ED74 /* Cells */ = {
			isa = PBXGroup;
			children = (
				4D20F0E12428292700CE0EE2 /* FavoritesCollectionViewCell.swift */,
				4D20F0D324257AF700CE0EE2 /* ThingsTableViewCell.swift */,
			);
			path = Cells;
			sourceTree = "<group>";
		};
		4D78079C24241DC000A1ED74 /* Controllers */ = {
			isa = PBXGroup;
			children = (
				4D78074924210BA800A1ED74 /* LoginViewController.swift */,
				4D20F0C32425348B00CE0EE2 /* TabBarController.swift */,
				4D20F0C9242568EC00CE0EE2 /* MainViewController.swift */,
				4D20F0CB2425690500CE0EE2 /* FavoriteArtViewController.swift */,
				4D20F0DF242828F000CE0EE2 /* SettingsViewController.swift */,
			);
			path = Controllers;
			sourceTree = "<group>";
		};
		4D78079D24241DC500A1ED74 /* Models */ = {
			isa = PBXGroup;
			children = (
				4D7807672421232000A1ED74 /* RijksModel.swift */,
				4D20F0D52425942E00CE0EE2 /* RijksDetailModel.swift */,
				4D20F0D72425944700CE0EE2 /* TicketmastetModel.swift */,
				4D20F0D92425945600CE0EE2 /* TicketmasterDetailModel.swift */,
			);
			path = Models;
			sourceTree = "<group>";
		};
		4D78079E24241E6900A1ED74 /* Network */ = {
			isa = PBXGroup;
			children = (
				4D20F0CD2425692800CE0EE2 /* RijksAPIClient.swift */,
				4D20F0DB242599A000CE0EE2 /* TicketMasterAPIClient.swift */,
			);
			path = Network;
			sourceTree = "<group>";
		};
		4D78079F242420D400A1ED74 /* FirebaseServices */ = {
			isa = PBXGroup;
			children = (
				4D7807A42425066F00A1ED74 /* AuthenticationServices.swift */,
				4D20F0DD24259E5900CE0EE2 /* DatabaseServices.swift */,
			);
			path = FirebaseServices;
			sourceTree = "<group>";
		};
		4D7807A0242420FE00A1ED74 /* Extensions */ = {
			isa = PBXGroup;
			children = (
				4D7807A824250D9E00A1ED74 /* MulticolorExtension.swift */,
				4D20F0C124252A8C00CE0EE2 /* ShowAlertExtension.swift */,
				4D20F0C7242538EB00CE0EE2 /* NavigationExtension.swift */,
			);
			path = Extensions;
			sourceTree = "<group>";
		};
		4D7807A12424217A00A1ED74 /* Storyboards */ = {
			isa = PBXGroup;
			children = (
				4D78075024210BAF00A1ED74 /* LaunchScreen.storyboard */,
				4D20F0C5242535AC00CE0EE2 /* MainViewStoryBoard.storyboard */,
			);
			path = Storyboards;
			sourceTree = "<group>";
		};
		FAC204E1224117DB59687D95 /* Pods */ = {
			isa = PBXGroup;
			children = (
				1E987ACCEDC4959CEE1445EC /* Pods-CTAEvents.debug.xcconfig */,
				D8801378D10E5787A6183077 /* Pods-CTAEvents.release.xcconfig */,
				4A0D3A90C7C0843E4638C3A9 /* Pods-CTAEventsTests.debug.xcconfig */,
				EB9446306E11C2FE072AF854 /* Pods-CTAEventsTests.release.xcconfig */,
			);
			path = Pods;
			sourceTree = "<group>";
		};
/* End PBXGroup section */

/* Begin PBXNativeTarget section */
		4D78074124210BA800A1ED74 /* CTAEvents */ = {
			isa = PBXNativeTarget;
			buildConfigurationList = 4D78076124210BB000A1ED74 /* Build configuration list for PBXNativeTarget "CTAEvents" */;
			buildPhases = (
				7118E7BAD11275330A8B727D /* [CP] Check Pods Manifest.lock */,
				4D78073E24210BA800A1ED74 /* Sources */,
				4D78073F24210BA800A1ED74 /* Frameworks */,
				4D78074024210BA800A1ED74 /* Resources */,
				E28091DB9A28DDEB7319E513 /* [CP] Embed Pods Frameworks */,
			);
			buildRules = (
			);
			dependencies = (
			);
			name = CTAEvents;
			productName = CTAEvents;
			productReference = 4D78074224210BA800A1ED74 /* CTAEvents.app */;
			productType = "com.apple.product-type.application";
		};
		4D78075724210BB000A1ED74 /* CTAEventsTests */ = {
			isa = PBXNativeTarget;
			buildConfigurationList = 4D78076424210BB000A1ED74 /* Build configuration list for PBXNativeTarget "CTAEventsTests" */;
			buildPhases = (
				C902BFC20F1C39FAB1014A22 /* [CP] Check Pods Manifest.lock */,
				4D78075424210BB000A1ED74 /* Sources */,
				4D78075524210BB000A1ED74 /* Frameworks */,
				4D78075624210BB000A1ED74 /* Resources */,
			);
			buildRules = (
			);
			dependencies = (
				4D78075A24210BB000A1ED74 /* PBXTargetDependency */,
			);
			name = CTAEventsTests;
			productName = CTAEventsTests;
			productReference = 4D78075824210BB000A1ED74 /* CTAEventsTests.xctest */;
			productType = "com.apple.product-type.bundle.unit-test";
		};
/* End PBXNativeTarget section */

/* Begin PBXProject section */
		4D78073A24210BA800A1ED74 /* Project object */ = {
			isa = PBXProject;
			attributes = {
				LastSwiftUpdateCheck = 1130;
				LastUpgradeCheck = 1130;
				ORGANIZATIONNAME = "Melinda Diaz";
				TargetAttributes = {
					4D78074124210BA800A1ED74 = {
						CreatedOnToolsVersion = 11.3.1;
					};
					4D78075724210BB000A1ED74 = {
						CreatedOnToolsVersion = 11.3.1;
						TestTargetID = 4D78074124210BA800A1ED74;
					};
				};
			};
			buildConfigurationList = 4D78073D24210BA800A1ED74 /* Build configuration list for PBXProject "CTAEvents" */;
			compatibilityVersion = "Xcode 9.3";
			developmentRegion = en;
			hasScannedForEncodings = 0;
			knownRegions = (
				en,
				Base,
			);
			mainGroup = 4D78073924210BA800A1ED74;
			productRefGroup = 4D78074324210BA800A1ED74 /* Products */;
			projectDirPath = "";
			projectRoot = "";
			targets = (
				4D78074124210BA800A1ED74 /* CTAEvents */,
				4D78075724210BB000A1ED74 /* CTAEventsTests */,
			);
		};
/* End PBXProject section */

/* Begin PBXResourcesBuildPhase section */
		4D78074024210BA800A1ED74 /* Resources */ = {
			isa = PBXResourcesBuildPhase;
			buildActionMask = 2147483647;
			files = (
				4D78075224210BAF00A1ED74 /* LaunchScreen.storyboard in Resources */,
				4D20F0C6242535AC00CE0EE2 /* MainViewStoryBoard.storyboard in Resources */,
				4D78074F24210BAF00A1ED74 /* Assets.xcassets in Resources */,
				4D7807A32424238E00A1ED74 /* GoogleService-Info (1).plist in Resources */,
			);
			runOnlyForDeploymentPostprocessing = 0;
		};
		4D78075624210BB000A1ED74 /* Resources */ = {
			isa = PBXResourcesBuildPhase;
			buildActionMask = 2147483647;
			files = (
			);
			runOnlyForDeploymentPostprocessing = 0;
		};
/* End PBXResourcesBuildPhase section */

/* Begin PBXShellScriptBuildPhase section */
		7118E7BAD11275330A8B727D /* [CP] Check Pods Manifest.lock */ = {
			isa = PBXShellScriptBuildPhase;
			buildActionMask = 2147483647;
			files = (
			);
			inputFileListPaths = (
			);
			inputPaths = (
				"${PODS_PODFILE_DIR_PATH}/Podfile.lock",
				"${PODS_ROOT}/Manifest.lock",
			);
			name = "[CP] Check Pods Manifest.lock";
			outputFileListPaths = (
			);
			outputPaths = (
				"$(DERIVED_FILE_DIR)/Pods-CTAEvents-checkManifestLockResult.txt",
			);
			runOnlyForDeploymentPostprocessing = 0;
			shellPath = /bin/sh;
			shellScript = "diff \"${PODS_PODFILE_DIR_PATH}/Podfile.lock\" \"${PODS_ROOT}/Manifest.lock\" > /dev/null\nif [ $? != 0 ] ; then\n    # print error to STDERR\n    echo \"error: The sandbox is not in sync with the Podfile.lock. Run 'pod install' or update your CocoaPods installation.\" >&2\n    exit 1\nfi\n# This output is used by Xcode 'outputs' to avoid re-running this script phase.\necho \"SUCCESS\" > \"${SCRIPT_OUTPUT_FILE_0}\"\n";
			showEnvVarsInLog = 0;
		};
		C902BFC20F1C39FAB1014A22 /* [CP] Check Pods Manifest.lock */ = {
			isa = PBXShellScriptBuildPhase;
			buildActionMask = 2147483647;
			files = (
			);
			inputFileListPaths = (
			);
			inputPaths = (
				"${PODS_PODFILE_DIR_PATH}/Podfile.lock",
				"${PODS_ROOT}/Manifest.lock",
			);
			name = "[CP] Check Pods Manifest.lock";
			outputFileListPaths = (
			);
			outputPaths = (
				"$(DERIVED_FILE_DIR)/Pods-CTAEventsTests-checkManifestLockResult.txt",
			);
			runOnlyForDeploymentPostprocessing = 0;
			shellPath = /bin/sh;
			shellScript = "diff \"${PODS_PODFILE_DIR_PATH}/Podfile.lock\" \"${PODS_ROOT}/Manifest.lock\" > /dev/null\nif [ $? != 0 ] ; then\n    # print error to STDERR\n    echo \"error: The sandbox is not in sync with the Podfile.lock. Run 'pod install' or update your CocoaPods installation.\" >&2\n    exit 1\nfi\n# This output is used by Xcode 'outputs' to avoid re-running this script phase.\necho \"SUCCESS\" > \"${SCRIPT_OUTPUT_FILE_0}\"\n";
			showEnvVarsInLog = 0;
		};
		E28091DB9A28DDEB7319E513 /* [CP] Embed Pods Frameworks */ = {
			isa = PBXShellScriptBuildPhase;
			buildActionMask = 2147483647;
			files = (
			);
			inputFileListPaths = (
				"${PODS_ROOT}/Target Support Files/Pods-CTAEvents/Pods-CTAEvents-frameworks-${CONFIGURATION}-input-files.xcfilelist",
			);
			name = "[CP] Embed Pods Frameworks";
			outputFileListPaths = (
				"${PODS_ROOT}/Target Support Files/Pods-CTAEvents/Pods-CTAEvents-frameworks-${CONFIGURATION}-output-files.xcfilelist",
			);
			runOnlyForDeploymentPostprocessing = 0;
			shellPath = /bin/sh;
			shellScript = "\"${PODS_ROOT}/Target Support Files/Pods-CTAEvents/Pods-CTAEvents-frameworks.sh\"\n";
			showEnvVarsInLog = 0;
		};
/* End PBXShellScriptBuildPhase section */

/* Begin PBXSourcesBuildPhase section */
		4D78073E24210BA800A1ED74 /* Sources */ = {
			isa = PBXSourcesBuildPhase;
			buildActionMask = 2147483647;
			files = (
				4D7807A924250D9E00A1ED74 /* MulticolorExtension.swift in Sources */,
				4D20F0D224256C6800CE0EE2 /* Secret.swift in Sources */,
				4D20F0E0242828F000CE0EE2 /* SettingsViewController.swift in Sources */,
				4D20F0DE24259E5900CE0EE2 /* DatabaseServices.swift in Sources */,
				4D20F0D82425944700CE0EE2 /* TicketmastetModel.swift in Sources */,
				4D20F0CA242568EC00CE0EE2 /* MainViewController.swift in Sources */,
				4D20F0C224252A8C00CE0EE2 /* ShowAlertExtension.swift in Sources */,
				4D7807A724250D6900A1ED74 /* LoginView.swift in Sources */,
				4D20F0DC242599A000CE0EE2 /* TicketMasterAPIClient.swift in Sources */,
				4D20F0CC2425690500CE0EE2 /* FavoriteArtViewController.swift in Sources */,
				4D20F0C42425348B00CE0EE2 /* TabBarController.swift in Sources */,
				4D7807A52425066F00A1ED74 /* AuthenticationServices.swift in Sources */,
				4D20F0E22428292700CE0EE2 /* FavoritesCollectionViewCell.swift in Sources */,
				4D20F0D62425942E00CE0EE2 /* RijksDetailModel.swift in Sources */,
				4D20F0DA2425945600CE0EE2 /* TicketmasterDetailModel.swift in Sources */,
				4D78074A24210BA800A1ED74 /* LoginViewController.swift in Sources */,
				4D78074624210BA800A1ED74 /* AppDelegate.swift in Sources */,
				4D20F0D424257AF700CE0EE2 /* ThingsTableViewCell.swift in Sources */,
				4D20F0CE2425692800CE0EE2 /* RijksAPIClient.swift in Sources */,
				4D20F0C8242538EB00CE0EE2 /* NavigationExtension.swift in Sources */,
				4D78074824210BA800A1ED74 /* SceneDelegate.swift in Sources */,
				4D7807682421232000A1ED74 /* RijksModel.swift in Sources */,
			);
			runOnlyForDeploymentPostprocessing = 0;
		};
		4D78075424210BB000A1ED74 /* Sources */ = {
			isa = PBXSourcesBuildPhase;
			buildActionMask = 2147483647;
			files = (
				4D78075D24210BB000A1ED74 /* CTAEventsTests.swift in Sources */,
			);
			runOnlyForDeploymentPostprocessing = 0;
		};
/* End PBXSourcesBuildPhase section */

/* Begin PBXTargetDependency section */
		4D78075A24210BB000A1ED74 /* PBXTargetDependency */ = {
			isa = PBXTargetDependency;
			target = 4D78074124210BA800A1ED74 /* CTAEvents */;
			targetProxy = 4D78075924210BB000A1ED74 /* PBXContainerItemProxy */;
		};
/* End PBXTargetDependency section */

/* Begin PBXVariantGroup section */
		4D78075024210BAF00A1ED74 /* LaunchScreen.storyboard */ = {
			isa = PBXVariantGroup;
			children = (
				4D78075124210BAF00A1ED74 /* Base */,
			);
			name = LaunchScreen.storyboard;
			sourceTree = "<group>";
		};
/* End PBXVariantGroup section */

/* Begin XCBuildConfiguration section */
		4D78075F24210BB000A1ED74 /* Debug */ = {
			isa = XCBuildConfiguration;
			buildSettings = {
				ALWAYS_SEARCH_USER_PATHS = NO;
				CLANG_ANALYZER_NONNULL = YES;
				CLANG_ANALYZER_NUMBER_OBJECT_CONVERSION = YES_AGGRESSIVE;
				CLANG_CXX_LANGUAGE_STANDARD = "gnu++14";
				CLANG_CXX_LIBRARY = "libc++";
				CLANG_ENABLE_MODULES = YES;
				CLANG_ENABLE_OBJC_ARC = YES;
				CLANG_ENABLE_OBJC_WEAK = YES;
				CLANG_WARN_BLOCK_CAPTURE_AUTORELEASING = YES;
				CLANG_WARN_BOOL_CONVERSION = YES;
				CLANG_WARN_COMMA = YES;
				CLANG_WARN_CONSTANT_CONVERSION = YES;
				CLANG_WARN_DEPRECATED_OBJC_IMPLEMENTATIONS = YES;
				CLANG_WARN_DIRECT_OBJC_ISA_USAGE = YES_ERROR;
				CLANG_WARN_DOCUMENTATION_COMMENTS = YES;
				CLANG_WARN_EMPTY_BODY = YES;
				CLANG_WARN_ENUM_CONVERSION = YES;
				CLANG_WARN_INFINITE_RECURSION = YES;
				CLANG_WARN_INT_CONVERSION = YES;
				CLANG_WARN_NON_LITERAL_NULL_CONVERSION = YES;
				CLANG_WARN_OBJC_IMPLICIT_RETAIN_SELF = YES;
				CLANG_WARN_OBJC_LITERAL_CONVERSION = YES;
				CLANG_WARN_OBJC_ROOT_CLASS = YES_ERROR;
				CLANG_WARN_RANGE_LOOP_ANALYSIS = YES;
				CLANG_WARN_STRICT_PROTOTYPES = YES;
				CLANG_WARN_SUSPICIOUS_MOVE = YES;
				CLANG_WARN_UNGUARDED_AVAILABILITY = YES_AGGRESSIVE;
				CLANG_WARN_UNREACHABLE_CODE = YES;
				CLANG_WARN__DUPLICATE_METHOD_MATCH = YES;
				COPY_PHASE_STRIP = NO;
				DEBUG_INFORMATION_FORMAT = dwarf;
				ENABLE_STRICT_OBJC_MSGSEND = YES;
				ENABLE_TESTABILITY = YES;
				GCC_C_LANGUAGE_STANDARD = gnu11;
				GCC_DYNAMIC_NO_PIC = NO;
				GCC_NO_COMMON_BLOCKS = YES;
				GCC_OPTIMIZATION_LEVEL = 0;
				GCC_PREPROCESSOR_DEFINITIONS = (
					"DEBUG=1",
					"$(inherited)",
				);
				GCC_WARN_64_TO_32_BIT_CONVERSION = YES;
				GCC_WARN_ABOUT_RETURN_TYPE = YES_ERROR;
				GCC_WARN_UNDECLARED_SELECTOR = YES;
				GCC_WARN_UNINITIALIZED_AUTOS = YES_AGGRESSIVE;
				GCC_WARN_UNUSED_FUNCTION = YES;
				GCC_WARN_UNUSED_VARIABLE = YES;
				IPHONEOS_DEPLOYMENT_TARGET = 13.2;
				MTL_ENABLE_DEBUG_INFO = INCLUDE_SOURCE;
				MTL_FAST_MATH = YES;
				ONLY_ACTIVE_ARCH = YES;
				SDKROOT = iphoneos;
				SWIFT_ACTIVE_COMPILATION_CONDITIONS = DEBUG;
				SWIFT_OPTIMIZATION_LEVEL = "-Onone";
			};
			name = Debug;
		};
		4D78076024210BB000A1ED74 /* Release */ = {
			isa = XCBuildConfiguration;
			buildSettings = {
				ALWAYS_SEARCH_USER_PATHS = NO;
				CLANG_ANALYZER_NONNULL = YES;
				CLANG_ANALYZER_NUMBER_OBJECT_CONVERSION = YES_AGGRESSIVE;
				CLANG_CXX_LANGUAGE_STANDARD = "gnu++14";
				CLANG_CXX_LIBRARY = "libc++";
				CLANG_ENABLE_MODULES = YES;
				CLANG_ENABLE_OBJC_ARC = YES;
				CLANG_ENABLE_OBJC_WEAK = YES;
				CLANG_WARN_BLOCK_CAPTURE_AUTORELEASING = YES;
				CLANG_WARN_BOOL_CONVERSION = YES;
				CLANG_WARN_COMMA = YES;
				CLANG_WARN_CONSTANT_CONVERSION = YES;
				CLANG_WARN_DEPRECATED_OBJC_IMPLEMENTATIONS = YES;
				CLANG_WARN_DIRECT_OBJC_ISA_USAGE = YES_ERROR;
				CLANG_WARN_DOCUMENTATION_COMMENTS = YES;
				CLANG_WARN_EMPTY_BODY = YES;
				CLANG_WARN_ENUM_CONVERSION = YES;
				CLANG_WARN_INFINITE_RECURSION = YES;
				CLANG_WARN_INT_CONVERSION = YES;
				CLANG_WARN_NON_LITERAL_NULL_CONVERSION = YES;
				CLANG_WARN_OBJC_IMPLICIT_RETAIN_SELF = YES;
				CLANG_WARN_OBJC_LITERAL_CONVERSION = YES;
				CLANG_WARN_OBJC_ROOT_CLASS = YES_ERROR;
				CLANG_WARN_RANGE_LOOP_ANALYSIS = YES;
				CLANG_WARN_STRICT_PROTOTYPES = YES;
				CLANG_WARN_SUSPICIOUS_MOVE = YES;
				CLANG_WARN_UNGUARDED_AVAILABILITY = YES_AGGRESSIVE;
				CLANG_WARN_UNREACHABLE_CODE = YES;
				CLANG_WARN__DUPLICATE_METHOD_MATCH = YES;
				COPY_PHASE_STRIP = NO;
				DEBUG_INFORMATION_FORMAT = "dwarf-with-dsym";
				ENABLE_NS_ASSERTIONS = NO;
				ENABLE_STRICT_OBJC_MSGSEND = YES;
				GCC_C_LANGUAGE_STANDARD = gnu11;
				GCC_NO_COMMON_BLOCKS = YES;
				GCC_WARN_64_TO_32_BIT_CONVERSION = YES;
				GCC_WARN_ABOUT_RETURN_TYPE = YES_ERROR;
				GCC_WARN_UNDECLARED_SELECTOR = YES;
				GCC_WARN_UNINITIALIZED_AUTOS = YES_AGGRESSIVE;
				GCC_WARN_UNUSED_FUNCTION = YES;
				GCC_WARN_UNUSED_VARIABLE = YES;
				IPHONEOS_DEPLOYMENT_TARGET = 13.2;
				MTL_ENABLE_DEBUG_INFO = NO;
				MTL_FAST_MATH = YES;
				SDKROOT = iphoneos;
				SWIFT_COMPILATION_MODE = wholemodule;
				SWIFT_OPTIMIZATION_LEVEL = "-O";
				VALIDATE_PRODUCT = YES;
			};
			name = Release;
		};
		4D78076224210BB000A1ED74 /* Debug */ = {
			isa = XCBuildConfiguration;
			baseConfigurationReference = 1E987ACCEDC4959CEE1445EC /* Pods-CTAEvents.debug.xcconfig */;
			buildSettings = {
				ASSETCATALOG_COMPILER_APPICON_NAME = AppIcon;
				CODE_SIGN_STYLE = Automatic;
				DEVELOPMENT_TEAM = M4Q46HX6W5;
				INFOPLIST_FILE = CTAEvents/Info.plist;
				LD_RUNPATH_SEARCH_PATHS = (
					"$(inherited)",
					"@executable_path/Frameworks",
				);
				PRODUCT_BUNDLE_IDENTIFIER = com.melinda.CTAEvents;
				PRODUCT_NAME = "$(TARGET_NAME)";
				SWIFT_VERSION = 5.0;
				TARGETED_DEVICE_FAMILY = "1,2";
			};
			name = Debug;
		};
		4D78076324210BB000A1ED74 /* Release */ = {
			isa = XCBuildConfiguration;
			baseConfigurationReference = D8801378D10E5787A6183077 /* Pods-CTAEvents.release.xcconfig */;
			buildSettings = {
				ASSETCATALOG_COMPILER_APPICON_NAME = AppIcon;
				CODE_SIGN_STYLE = Automatic;
				DEVELOPMENT_TEAM = M4Q46HX6W5;
				INFOPLIST_FILE = CTAEvents/Info.plist;
				LD_RUNPATH_SEARCH_PATHS = (
					"$(inherited)",
					"@executable_path/Frameworks",
				);
				PRODUCT_BUNDLE_IDENTIFIER = com.melinda.CTAEvents;
				PRODUCT_NAME = "$(TARGET_NAME)";
				SWIFT_VERSION = 5.0;
				TARGETED_DEVICE_FAMILY = "1,2";
			};
			name = Release;
		};
		4D78076524210BB000A1ED74 /* Debug */ = {
			isa = XCBuildConfiguration;
			baseConfigurationReference = 4A0D3A90C7C0843E4638C3A9 /* Pods-CTAEventsTests.debug.xcconfig */;
			buildSettings = {
				ALWAYS_EMBED_SWIFT_STANDARD_LIBRARIES = YES;
				BUNDLE_LOADER = "$(TEST_HOST)";
				CODE_SIGN_STYLE = Automatic;
				DEVELOPMENT_TEAM = M4Q46HX6W5;
				INFOPLIST_FILE = CTAEventsTests/Info.plist;
				IPHONEOS_DEPLOYMENT_TARGET = 13.2;
				LD_RUNPATH_SEARCH_PATHS = (
					"$(inherited)",
					"@executable_path/Frameworks",
					"@loader_path/Frameworks",
				);
				PRODUCT_BUNDLE_IDENTIFIER = com.melinda.CTAEventsTests;
				PRODUCT_NAME = "$(TARGET_NAME)";
				SWIFT_VERSION = 5.0;
				TARGETED_DEVICE_FAMILY = "1,2";
				TEST_HOST = "$(BUILT_PRODUCTS_DIR)/CTAEvents.app/CTAEvents";
			};
			name = Debug;
		};
		4D78076624210BB000A1ED74 /* Release */ = {
			isa = XCBuildConfiguration;
			baseConfigurationReference = EB9446306E11C2FE072AF854 /* Pods-CTAEventsTests.release.xcconfig */;
			buildSettings = {
				ALWAYS_EMBED_SWIFT_STANDARD_LIBRARIES = YES;
				BUNDLE_LOADER = "$(TEST_HOST)";
				CODE_SIGN_STYLE = Automatic;
				DEVELOPMENT_TEAM = M4Q46HX6W5;
				INFOPLIST_FILE = CTAEventsTests/Info.plist;
				IPHONEOS_DEPLOYMENT_TARGET = 13.2;
				LD_RUNPATH_SEARCH_PATHS = (
					"$(inherited)",
					"@executable_path/Frameworks",
					"@loader_path/Frameworks",
				);
				PRODUCT_BUNDLE_IDENTIFIER = com.melinda.CTAEventsTests;
				PRODUCT_NAME = "$(TARGET_NAME)";
				SWIFT_VERSION = 5.0;
				TARGETED_DEVICE_FAMILY = "1,2";
				TEST_HOST = "$(BUILT_PRODUCTS_DIR)/CTAEvents.app/CTAEvents";
			};
			name = Release;
		};
/* End XCBuildConfiguration section */

/* Begin XCConfigurationList section */
		4D78073D24210BA800A1ED74 /* Build configuration list for PBXProject "CTAEvents" */ = {
			isa = XCConfigurationList;
			buildConfigurations = (
				4D78075F24210BB000A1ED74 /* Debug */,
				4D78076024210BB000A1ED74 /* Release */,
			);
			defaultConfigurationIsVisible = 0;
			defaultConfigurationName = Release;
		};
		4D78076124210BB000A1ED74 /* Build configuration list for PBXNativeTarget "CTAEvents" */ = {
			isa = XCConfigurationList;
			buildConfigurations = (
				4D78076224210BB000A1ED74 /* Debug */,
				4D78076324210BB000A1ED74 /* Release */,
			);
			defaultConfigurationIsVisible = 0;
			defaultConfigurationName = Release;
		};
		4D78076424210BB000A1ED74 /* Build configuration list for PBXNativeTarget "CTAEventsTests" */ = {
			isa = XCConfigurationList;
			buildConfigurations = (
				4D78076524210BB000A1ED74 /* Debug */,
				4D78076624210BB000A1ED74 /* Release */,
			);
			defaultConfigurationIsVisible = 0;
			defaultConfigurationName = Release;
		};
/* End XCConfigurationList section */
	};
	rootObject = 4D78073A24210BA800A1ED74 /* Project object */;
}
